PODS:
  - GoogleMaps/Base (3.3.0)
  - GooglePlaces (3.3.0):
    - GoogleMaps/Base (= 3.3.0)

DEPENDENCIES:
  - GooglePlaces

SPEC REPOS:
  https://github.com/CocoaPods/Specs.git:
    - GoogleMaps
    - GooglePlaces

SPEC CHECKSUMS:
  GoogleMaps: cfee83da305b9aaeccf92c24ac79df11c3003492
  GooglePlaces: 1e2a87bd9efee9623ee65d44ecc35ebfecd7b13c

PODFILE CHECKSUM: 7f9ccc42fb5d664c3a9e8d2f1b6c4ffdff7a601e

COCOAPODS: 1.9.1
